
Microsoft Visual Studio Solution File, Format Version 12.00
# Visual Studio Version 17
VisualStudioVersion = 17.12.35707.178
MinimumVisualStudioVersion = 10.0.40219.1
Project("{FAE04EC0-301F-11D3-BF4B-00C04F79EFBC}") = "UInsure.WebApi.DavidJames", "UInsure.WebApi.DavidJames\UInsure.WebApi.DavidJames.csproj", "{F07C840C-CAA9-4460-853D-26B5FE43799E}"
EndProject
Project("{FAE04EC0-301F-11D3-BF4B-00C04F79EFBC}") = "UInsure.WebApi.DavidJames.Entities", "UInsure.WebApi.DavidJames.Entities\UInsure.WebApi.DavidJames.Entities.csproj", "{3BAF88AA-3D81-442D-8D6E-6902257464DA}"
EndProject
Project("{FAE04EC0-301F-11D3-BF4B-00C04F79EFBC}") = "UInsure.WebApi.DavidJames.Data", "UInsure.WebApi.DavidJames.Data\UInsure.WebApi.DavidJames.Data.csproj", "{DE8D3B03-B407-461D-BFAD-F2C7270DE95C}"
EndProject
Project("{FAE04EC0-301F-11D3-BF4B-00C04F79EFBC}") = "UInsure.WebApi.DavidJames.Services", "UInsure.WebApi.DavidJames.Services\UInsure.WebApi.DavidJames.Services.csproj", "{1C1B8123-D65F-4A22-BC7A-B095BDBA5B80}"
EndProject
Project("{FAE04EC0-301F-11D3-BF4B-00C04F79EFBC}") = "UInsure.WebApi.DavidJames.Models", "UInsure.WebApi.DavidJames.Models\UInsure.WebApi.DavidJames.Models.csproj", "{289D80C6-8C62-4FD7-AB0C-A73FD1E6361C}"
EndProject
Project("{FAE04EC0-301F-11D3-BF4B-00C04F79EFBC}") = "UInsure.WebApi.DavidJames.UnitTests", "UInsure.WebApi.DavidJames.UnitTests\UInsure.WebApi.DavidJames.UnitTests.csproj", "{F7D98AF2-523A-4831-9016-3BC6201E43D0}"
EndProject
Project("{2150E333-8FDC-42A3-9474-1A3956D46DE8}") = "Solution Items", "Solution Items", "{60583694-8530-404B-93E7-803F643C211F}"
	ProjectSection(SolutionItems) = preProject
		README.md = README.md
	EndProjectSection
EndProject
Global
	GlobalSection(SolutionConfigurationPlatforms) = preSolution
		Debug|Any CPU = Debug|Any CPU
		Release|Any CPU = Release|Any CPU
	EndGlobalSection
	GlobalSection(ProjectConfigurationPlatforms) = postSolution
		{F07C840C-CAA9-4460-853D-26B5FE43799E}.Debug|Any CPU.ActiveCfg = Debug|Any CPU
		{F07C840C-CAA9-4460-853D-26B5FE43799E}.Debug|Any CPU.Build.0 = Debug|Any CPU
		{F07C840C-CAA9-4460-853D-26B5FE43799E}.Release|Any CPU.ActiveCfg = Release|Any CPU
		{F07C840C-CAA9-4460-853D-26B5FE43799E}.Release|Any CPU.Build.0 = Release|Any CPU
		{3BAF88AA-3D81-442D-8D6E-6902257464DA}.Debug|Any CPU.ActiveCfg = Debug|Any CPU
		{3BAF88AA-3D81-442D-8D6E-6902257464DA}.Debug|Any CPU.Build.0 = Debug|Any CPU
		{3BAF88AA-3D81-442D-8D6E-6902257464DA}.Release|Any CPU.ActiveCfg = Release|Any CPU
		{3BAF88AA-3D81-442D-8D6E-6902257464DA}.Release|Any CPU.Build.0 = Release|Any CPU
		{DE8D3B03-B407-461D-BFAD-F2C7270DE95C}.Debug|Any CPU.ActiveCfg = Debug|Any CPU
		{DE8D3B03-B407-461D-BFAD-F2C7270DE95C}.Debug|Any CPU.Build.0 = Debug|Any CPU
		{DE8D3B03-B407-461D-BFAD-F2C7270DE95C}.Release|Any CPU.ActiveCfg = Release|Any CPU
		{DE8D3B03-B407-461D-BFAD-F2C7270DE95C}.Release|Any CPU.Build.0 = Release|Any CPU
		{1C1B8123-D65F-4A22-BC7A-B095BDBA5B80}.Debug|Any CPU.ActiveCfg = Debug|Any CPU
		{1C1B8123-D65F-4A22-BC7A-B095BDBA5B80}.Debug|Any CPU.Build.0 = Debug|Any CPU
		{1C1B8123-D65F-4A22-BC7A-B095BDBA5B80}.Release|Any CPU.ActiveCfg = Release|Any CPU
		{1C1B8123-D65F-4A22-BC7A-B095BDBA5B80}.Release|Any CPU.Build.0 = Release|Any CPU
		{289D80C6-8C62-4FD7-AB0C-A73FD1E6361C}.Debug|Any CPU.ActiveCfg = Debug|Any CPU
		{289D80C6-8C62-4FD7-AB0C-A73FD1E6361C}.Debug|Any CPU.Build.0 = Debug|Any CPU
		{289D80C6-8C62-4FD7-AB0C-A73FD1E6361C}.Release|Any CPU.ActiveCfg = Release|Any CPU
		{289D80C6-8C62-4FD7-AB0C-A73FD1E6361C}.Release|Any CPU.Build.0 = Release|Any CPU
		{F7D98AF2-523A-4831-9016-3BC6201E43D0}.Debug|Any CPU.ActiveCfg = Debug|Any CPU
		{F7D98AF2-523A-4831-9016-3BC6201E43D0}.Debug|Any CPU.Build.0 = Debug|Any CPU
		{F7D98AF2-523A-4831-9016-3BC6201E43D0}.Release|Any CPU.ActiveCfg = Release|Any CPU
		{F7D98AF2-523A-4831-9016-3BC6201E43D0}.Release|Any CPU.Build.0 = Release|Any CPU
	EndGlobalSection
	GlobalSection(SolutionProperties) = preSolution
		HideSolutionNode = FALSE
	EndGlobalSection
EndGlobal
